{
  "format_version": 3,
  "reproducible": true,
  "dependencies": {
    "ffrwd/mask_tools": "1.1.1",
    "ffrwd/wasm": "0.19.1"
  },
  "packages": [
    {
      "kind": "registry",
      "name": "ffrwd/wasm",
      "version": "0.18.0",
      "sha256": "1be9b4ff42177adc4fef10cc7a9041e2d4d32e82d22a624907aa2289c66052c9",
      "store": "v1/1b/1be9b4ff42177adc4fef10cc7a9041e2d4d32e82d22a624907aa2289c66052c9"
    },
    {
      "kind": "registry",
      "name": "ffrwd/mask_tools",
      "version": "1.1.1",
      "sha256": "d328202f3596b1ba9234cf634411f900358ecd6ad00de0d7734c04d510636480",
      "store": "v1/d3/d328202f3596b1ba9234cf634411f900358ecd6ad00de0d7734c04d510636480",
      "dependencies": {
        "ffrwd/wasm": "0.18.0"
      }
    },
    {
      "kind": "registry",
      "name": "ffrwd/wasm",
      "version": "0.19.1",
      "sha256": "54d20fc2410153d3296c6ce7501868785fe55d1fb91cfcc69cc3685d386acfc2",
      "store": "v1/54/54d20fc2410153d3296c6ce7501868785fe55d1fb91cfcc69cc3685d386acfc2"
    }
  ]
}
